
Microsoft Visual Studio Solution File, Format Version 12.00
# Visual Studio Version 16
VisualStudioVersion = 16.0.28803.352
MinimumVisualStudioVersion = 10.0.40219.1
Project("{FAE04EC0-301F-11D3-BF4B-00C04F79EFBC}") = "ScratchCard.Core", "ScratchCard.Core\ScratchCard.Core.csproj", "{B357416E-29B6-45DD-97A1-7F310351C9AB}"
EndProject
Project("{F184B08F-C81C-45F6-A57F-5ABD9991F28F}") = "ScratchCard.FrontEnd", "ScratchCard.FrontEnd\ScratchCard.FrontEnd.vbproj", "{21F231F8-7612-48A1-B001-00C993006014}"
EndProject
Global
	GlobalSection(SolutionConfigurationPlatforms) = preSolution
		Debug|Any CPU = Debug|Any CPU
		Release|Any CPU = Release|Any CPU
	EndGlobalSection
	GlobalSection(ProjectConfigurationPlatforms) = postSolution
		{B357416E-29B6-45DD-97A1-7F310351C9AB}.Debug|Any CPU.ActiveCfg = Debug|Any CPU
		{B357416E-29B6-45DD-97A1-7F310351C9AB}.Debug|Any CPU.Build.0 = Debug|Any CPU
		{B357416E-29B6-45DD-97A1-7F310351C9AB}.Release|Any CPU.ActiveCfg = Release|Any CPU
		{B357416E-29B6-45DD-97A1-7F310351C9AB}.Release|Any CPU.Build.0 = Release|Any CPU
		{21F231F8-7612-48A1-B001-00C993006014}.Debug|Any CPU.ActiveCfg = Debug|Any CPU
		{21F231F8-7612-48A1-B001-00C993006014}.Debug|Any CPU.Build.0 = Debug|Any CPU
		{21F231F8-7612-48A1-B001-00C993006014}.Release|Any CPU.ActiveCfg = Release|Any CPU
		{21F231F8-7612-48A1-B001-00C993006014}.Release|Any CPU.Build.0 = Release|Any CPU
	EndGlobalSection
	GlobalSection(SolutionProperties) = preSolution
		HideSolutionNode = FALSE
	EndGlobalSection
	GlobalSection(ExtensibilityGlobals) = postSolution
		SolutionGuid = {1BDE9289-72B4-4583-A1FF-060C1EC67565}
	EndGlobalSection
EndGlobal
